
Microsoft Visual Studio Solution File, Format Version 11.00
# Visual Studio 2010
# SharpDevelop 4.2.1.8805
Project("{FD48973F-F585-4F70-812B-4D0503B36CE9}") = "Lang65h-2", "Lang65h-2.pyproj", "{6BFAC4FE-7F64-41A3-A70B-3C2C203D5426}"
EndProject
Global
	GlobalSection(SolutionConfigurationPlatforms) = preSolution
		Debug|x86 = Debug|x86
		Release|x86 = Release|x86
	EndGlobalSection
	GlobalSection(ProjectConfigurationPlatforms) = postSolution
		{6BFAC4FE-7F64-41A3-A70B-3C2C203D5426}.Debug|x86.Build.0 = Debug|x86
		{6BFAC4FE-7F64-41A3-A70B-3C2C203D5426}.Debug|x86.ActiveCfg = Debug|x86
		{6BFAC4FE-7F64-41A3-A70B-3C2C203D5426}.Release|x86.Build.0 = Release|x86
		{6BFAC4FE-7F64-41A3-A70B-3C2C203D5426}.Release|x86.ActiveCfg = Release|x86
	EndGlobalSection
EndGlobal
