
Microsoft Visual Studio Solution File, Format Version 11.00
# Visual Studio 2010
# SharpDevelop 4.2.1.8805
Project("{FD48973F-F585-4F70-812B-4D0503B36CE9}") = "Prog122b", "Prog122b.pyproj", "{23F05F30-CCDD-443F-BA04-69F2F34B1842}"
EndProject
Global
	GlobalSection(SolutionConfigurationPlatforms) = preSolution
		Debug|x86 = Debug|x86
		Release|x86 = Release|x86
	EndGlobalSection
	GlobalSection(ProjectConfigurationPlatforms) = postSolution
		{23F05F30-CCDD-443F-BA04-69F2F34B1842}.Debug|x86.Build.0 = Debug|x86
		{23F05F30-CCDD-443F-BA04-69F2F34B1842}.Debug|x86.ActiveCfg = Debug|x86
		{23F05F30-CCDD-443F-BA04-69F2F34B1842}.Release|x86.Build.0 = Release|x86
		{23F05F30-CCDD-443F-BA04-69F2F34B1842}.Release|x86.ActiveCfg = Release|x86
	EndGlobalSection
EndGlobal
