
Microsoft Visual Studio Solution File, Format Version 11.00
# Visual Studio 2010
# SharpDevelop 4.2.1.8805
Project("{FD48973F-F585-4F70-812B-4D0503B36CE9}") = "FavoriteGame", "FavoriteGame.pyproj", "{43B5D495-FD2D-417F-8634-D28C76B36CEB}"
EndProject
Global
	GlobalSection(SolutionConfigurationPlatforms) = preSolution
		Debug|x86 = Debug|x86
		Release|x86 = Release|x86
	EndGlobalSection
	GlobalSection(ProjectConfigurationPlatforms) = postSolution
		{43B5D495-FD2D-417F-8634-D28C76B36CEB}.Debug|x86.Build.0 = Debug|x86
		{43B5D495-FD2D-417F-8634-D28C76B36CEB}.Debug|x86.ActiveCfg = Debug|x86
		{43B5D495-FD2D-417F-8634-D28C76B36CEB}.Release|x86.Build.0 = Release|x86
		{43B5D495-FD2D-417F-8634-D28C76B36CEB}.Release|x86.ActiveCfg = Release|x86
	EndGlobalSection
EndGlobal
